dependencies:
  espressif/mdns:
    component_hash: 53b22a3b01d0b61180369a5dab00e271f1e725164b6affbc73af85e80b043658
    source:
      service_url: https://api.components.espressif.com/
      type: service
    version: 1.2.0
  idf:
    component_hash: null
    source:
      type: idf
    version: 5.1.0
manifest_hash: fbb529d38e63f41b352622502d9e24fd00adf82d13fd1f3058558dd6dd08f04c
target: esp32
version: 1.0.0
